
Microsoft Visual Studio Solution File, Format Version 10.00
# Visual C++ Express 2008
Project("{8BC9CEB8-8B4A-11D0-8D11-00A0C91BC942}") = "SNMPScan", "SNMPScan.vcproj", "{6EF96496-63DB-41A7-B4A7-761A9F891AB7}"
EndProject
Global
	GlobalSection(SolutionConfigurationPlatforms) = preSolution
		Debug|Win32 = Debug|Win32
		Release|Win32 = Release|Win32
	EndGlobalSection
	GlobalSection(ProjectConfigurationPlatforms) = postSolution
		{6EF96496-63DB-41A7-B4A7-761A9F891AB7}.Debug|Win32.ActiveCfg = Debug|Win32
		{6EF96496-63DB-41A7-B4A7-761A9F891AB7}.Debug|Win32.Build.0 = Debug|Win32
		{6EF96496-63DB-41A7-B4A7-761A9F891AB7}.Release|Win32.ActiveCfg = Release|Win32
		{6EF96496-63DB-41A7-B4A7-761A9F891AB7}.Release|Win32.Build.0 = Release|Win32
	EndGlobalSection
	GlobalSection(SolutionProperties) = preSolution
		HideSolutionNode = FALSE
	EndGlobalSection
EndGlobal
